
Microsoft Visual Studio Solution File, Format Version 12.00
# Visual Studio Version 17
VisualStudioVersion = 17.8.34004.107
MinimumVisualStudioVersion = 10.0.40219.1
Project("{2150E333-8FDC-42A3-9474-1A3956D46DE8}") = "EVENT_BASED", "EVENT_BASED", "{6A95B08C-A07F-4DF6-91FF-10EBB40F0A6F}"
EndProject
Project("{FAE04EC0-301F-11D3-BF4B-00C04F79EFBC}") = "ServiceA", "EVENT_BASED\ServiceA\ServiceA.csproj", "{E343517A-A36C-406D-A836-0AF7AA7F7A91}"
EndProject
Project("{FAE04EC0-301F-11D3-BF4B-00C04F79EFBC}") = "ServiceB", "EVENT_BASED\ServiceB\ServiceB.csproj", "{58886FB8-F598-4763-9E7C-945FDC37A253}"
EndProject
Project("{FAE04EC0-301F-11D3-BF4B-00C04F79EFBC}") = "Shared", "EVENT_BASED\Shared\Shared.csproj", "{D6321A7B-1E73-4B2D-AD18-902B4116E6E5}"
EndProject
Project("{2150E333-8FDC-42A3-9474-1A3956D46DE8}") = "API_BASED", "API_BASED", "{02EA681E-C7D8-13C7-8484-4AC65E1B71E8}"
EndProject
Project("{FAE04EC0-301F-11D3-BF4B-00C04F79EFBC}") = "ServiceB", "..\..\..\source\repos\Data_Synchronization_Examples\ServiceB\ServiceB.csproj", "{E368B3FD-1065-216A-0B89-E4D04AF9E992}"
EndProject
Project("{FAE04EC0-301F-11D3-BF4B-00C04F79EFBC}") = "ServiceA", "..\..\..\source\repos\Data_Synchronization_Examples\ServiceA\ServiceA.csproj", "{DCE8B273-B0ED-A440-8066-B500FC704E7F}"
EndProject
Global
	GlobalSection(SolutionConfigurationPlatforms) = preSolution
		Debug|Any CPU = Debug|Any CPU
		Release|Any CPU = Release|Any CPU
	EndGlobalSection
	GlobalSection(ProjectConfigurationPlatforms) = postSolution
		{E343517A-A36C-406D-A836-0AF7AA7F7A91}.Debug|Any CPU.ActiveCfg = Debug|Any CPU
		{E343517A-A36C-406D-A836-0AF7AA7F7A91}.Debug|Any CPU.Build.0 = Debug|Any CPU
		{E343517A-A36C-406D-A836-0AF7AA7F7A91}.Release|Any CPU.ActiveCfg = Release|Any CPU
		{E343517A-A36C-406D-A836-0AF7AA7F7A91}.Release|Any CPU.Build.0 = Release|Any CPU
		{58886FB8-F598-4763-9E7C-945FDC37A253}.Debug|Any CPU.ActiveCfg = Debug|Any CPU
		{58886FB8-F598-4763-9E7C-945FDC37A253}.Debug|Any CPU.Build.0 = Debug|Any CPU
		{58886FB8-F598-4763-9E7C-945FDC37A253}.Release|Any CPU.ActiveCfg = Release|Any CPU
		{58886FB8-F598-4763-9E7C-945FDC37A253}.Release|Any CPU.Build.0 = Release|Any CPU
		{D6321A7B-1E73-4B2D-AD18-902B4116E6E5}.Debug|Any CPU.ActiveCfg = Debug|Any CPU
		{D6321A7B-1E73-4B2D-AD18-902B4116E6E5}.Debug|Any CPU.Build.0 = Debug|Any CPU
		{D6321A7B-1E73-4B2D-AD18-902B4116E6E5}.Release|Any CPU.ActiveCfg = Release|Any CPU
		{D6321A7B-1E73-4B2D-AD18-902B4116E6E5}.Release|Any CPU.Build.0 = Release|Any CPU
		{E368B3FD-1065-216A-0B89-E4D04AF9E992}.Debug|Any CPU.ActiveCfg = Debug|Any CPU
		{E368B3FD-1065-216A-0B89-E4D04AF9E992}.Debug|Any CPU.Build.0 = Debug|Any CPU
		{E368B3FD-1065-216A-0B89-E4D04AF9E992}.Release|Any CPU.ActiveCfg = Release|Any CPU
		{E368B3FD-1065-216A-0B89-E4D04AF9E992}.Release|Any CPU.Build.0 = Release|Any CPU
		{DCE8B273-B0ED-A440-8066-B500FC704E7F}.Debug|Any CPU.ActiveCfg = Debug|Any CPU
		{DCE8B273-B0ED-A440-8066-B500FC704E7F}.Debug|Any CPU.Build.0 = Debug|Any CPU
		{DCE8B273-B0ED-A440-8066-B500FC704E7F}.Release|Any CPU.ActiveCfg = Release|Any CPU
		{DCE8B273-B0ED-A440-8066-B500FC704E7F}.Release|Any CPU.Build.0 = Release|Any CPU
	EndGlobalSection
	GlobalSection(SolutionProperties) = preSolution
		HideSolutionNode = FALSE
	EndGlobalSection
	GlobalSection(NestedProjects) = preSolution
		{E343517A-A36C-406D-A836-0AF7AA7F7A91} = {6A95B08C-A07F-4DF6-91FF-10EBB40F0A6F}
		{58886FB8-F598-4763-9E7C-945FDC37A253} = {6A95B08C-A07F-4DF6-91FF-10EBB40F0A6F}
		{D6321A7B-1E73-4B2D-AD18-902B4116E6E5} = {6A95B08C-A07F-4DF6-91FF-10EBB40F0A6F}
		{E368B3FD-1065-216A-0B89-E4D04AF9E992} = {02EA681E-C7D8-13C7-8484-4AC65E1B71E8}
		{DCE8B273-B0ED-A440-8066-B500FC704E7F} = {02EA681E-C7D8-13C7-8484-4AC65E1B71E8}
	EndGlobalSection
	GlobalSection(ExtensibilityGlobals) = postSolution
		SolutionGuid = {54E5F18A-F56D-45E4-B52C-0895FBD46AB0}
	EndGlobalSection
EndGlobal
